
Microsoft Visual Studio Solution File, Format Version 12.00
# Visual Studio Version 17
VisualStudioVersion = 17.0.31903.59
MinimumVisualStudioVersion = 10.0.40219.1
Project("{2150E333-8FDC-42A3-9474-1A3956D46DE8}") = "src", "src", "{827E0CD3-B72D-47B6-A68D-7590B98EB39B}"
EndProject
Project("{FAE04EC0-301F-11D3-BF4B-00C04F79EFBC}") = "MilkProductsCatalog", "src\MilkProductsCatalog\MilkProductsCatalog.csproj", "{903B6E4B-0AEA-4EA2-AF37-C208E48CD562}"
EndProject
Project("{FAE04EC0-301F-11D3-BF4B-00C04F79EFBC}") = "MilkProductsBinding", "src\MilkProductsBinding\MilkProductsBinding.csproj", "{98FFA9D4-D252-42E9-92BC-0D6B26841F9C}"
EndProject
Project("{FAE04EC0-301F-11D3-BF4B-00C04F79EFBC}") = "MilkProductsWPF", "src\MilkProductsWPF\MilkProductsWPF.csproj", "{844FE8BE-4E94-4B03-8498-091C21840C97}"
EndProject
Project("{FAE04EC0-301F-11D3-BF4B-00C04F79EFBC}") = "MilkProductsImages", "src\MilkProductsImages\MilkProductsImages.csproj", "{6DC19F0B-EAC4-442D-B47E-83E7CF475F57}"
EndProject
Project("{2150E333-8FDC-42A3-9474-1A3956D46DE8}") = "Shared", "Shared", "{C8E42992-5E42-0C2B-DBFE-AA848D06431C}"
EndProject
Project("{FAE04EC0-301F-11D3-BF4B-00C04F79EFBC}") = "MilkProducts.Shared", "src\Shared\MilkProducts.Shared\MilkProducts.Shared.csproj", "{855059FE-9461-498E-8B3D-9D6CF858AB01}"
EndProject
Project("{2150E333-8FDC-42A3-9474-1A3956D46DE8}") = "tests", "tests", "{0AB3BF05-4346-4AA6-1389-037BE0695223}"
EndProject
Project("{FAE04EC0-301F-11D3-BF4B-00C04F79EFBC}") = "MilkProducts.Shared.Tests", "tests\MilkProducts.Shared.Tests\MilkProducts.Shared.Tests.csproj", "{601FBA45-DE2D-4EA8-B3E9-71D234C6B01A}"
EndProject
Global
	GlobalSection(SolutionConfigurationPlatforms) = preSolution
		Debug|Any CPU = Debug|Any CPU
		Debug|x64 = Debug|x64
		Debug|x86 = Debug|x86
		Release|Any CPU = Release|Any CPU
		Release|x64 = Release|x64
		Release|x86 = Release|x86
	EndGlobalSection
	GlobalSection(ProjectConfigurationPlatforms) = postSolution
		{903B6E4B-0AEA-4EA2-AF37-C208E48CD562}.Debug|Any CPU.ActiveCfg = Debug|Any CPU
		{903B6E4B-0AEA-4EA2-AF37-C208E48CD562}.Debug|Any CPU.Build.0 = Debug|Any CPU
		{903B6E4B-0AEA-4EA2-AF37-C208E48CD562}.Debug|x64.ActiveCfg = Debug|Any CPU
		{903B6E4B-0AEA-4EA2-AF37-C208E48CD562}.Debug|x64.Build.0 = Debug|Any CPU
		{903B6E4B-0AEA-4EA2-AF37-C208E48CD562}.Debug|x86.ActiveCfg = Debug|Any CPU
		{903B6E4B-0AEA-4EA2-AF37-C208E48CD562}.Debug|x86.Build.0 = Debug|Any CPU
		{903B6E4B-0AEA-4EA2-AF37-C208E48CD562}.Release|Any CPU.ActiveCfg = Release|Any CPU
		{903B6E4B-0AEA-4EA2-AF37-C208E48CD562}.Release|Any CPU.Build.0 = Release|Any CPU
		{903B6E4B-0AEA-4EA2-AF37-C208E48CD562}.Release|x64.ActiveCfg = Release|Any CPU
		{903B6E4B-0AEA-4EA2-AF37-C208E48CD562}.Release|x64.Build.0 = Release|Any CPU
		{903B6E4B-0AEA-4EA2-AF37-C208E48CD562}.Release|x86.ActiveCfg = Release|Any CPU
		{903B6E4B-0AEA-4EA2-AF37-C208E48CD562}.Release|x86.Build.0 = Release|Any CPU
		{98FFA9D4-D252-42E9-92BC-0D6B26841F9C}.Debug|Any CPU.ActiveCfg = Debug|Any CPU
		{98FFA9D4-D252-42E9-92BC-0D6B26841F9C}.Debug|Any CPU.Build.0 = Debug|Any CPU
		{98FFA9D4-D252-42E9-92BC-0D6B26841F9C}.Debug|x64.ActiveCfg = Debug|Any CPU
		{98FFA9D4-D252-42E9-92BC-0D6B26841F9C}.Debug|x64.Build.0 = Debug|Any CPU
		{98FFA9D4-D252-42E9-92BC-0D6B26841F9C}.Debug|x86.ActiveCfg = Debug|Any CPU
		{98FFA9D4-D252-42E9-92BC-0D6B26841F9C}.Debug|x86.Build.0 = Debug|Any CPU
		{98FFA9D4-D252-42E9-92BC-0D6B26841F9C}.Release|Any CPU.ActiveCfg = Release|Any CPU
		{98FFA9D4-D252-42E9-92BC-0D6B26841F9C}.Release|Any CPU.Build.0 = Release|Any CPU
		{98FFA9D4-D252-42E9-92BC-0D6B26841F9C}.Release|x64.ActiveCfg = Release|Any CPU
		{98FFA9D4-D252-42E9-92BC-0D6B26841F9C}.Release|x64.Build.0 = Release|Any CPU
		{98FFA9D4-D252-42E9-92BC-0D6B26841F9C}.Release|x86.ActiveCfg = Release|Any CPU
		{98FFA9D4-D252-42E9-92BC-0D6B26841F9C}.Release|x86.Build.0 = Release|Any CPU
		{844FE8BE-4E94-4B03-8498-091C21840C97}.Debug|Any CPU.ActiveCfg = Debug|Any CPU
		{844FE8BE-4E94-4B03-8498-091C21840C97}.Debug|Any CPU.Build.0 = Debug|Any CPU
		{844FE8BE-4E94-4B03-8498-091C21840C97}.Debug|x64.ActiveCfg = Debug|Any CPU
		{844FE8BE-4E94-4B03-8498-091C21840C97}.Debug|x64.Build.0 = Debug|Any CPU
		{844FE8BE-4E94-4B03-8498-091C21840C97}.Debug|x86.ActiveCfg = Debug|Any CPU
		{844FE8BE-4E94-4B03-8498-091C21840C97}.Debug|x86.Build.0 = Debug|Any CPU
		{844FE8BE-4E94-4B03-8498-091C21840C97}.Release|Any CPU.ActiveCfg = Release|Any CPU
		{844FE8BE-4E94-4B03-8498-091C21840C97}.Release|Any CPU.Build.0 = Release|Any CPU
		{844FE8BE-4E94-4B03-8498-091C21840C97}.Release|x64.ActiveCfg = Release|Any CPU
		{844FE8BE-4E94-4B03-8498-091C21840C97}.Release|x64.Build.0 = Release|Any CPU
		{844FE8BE-4E94-4B03-8498-091C21840C97}.Release|x86.ActiveCfg = Release|Any CPU
		{844FE8BE-4E94-4B03-8498-091C21840C97}.Release|x86.Build.0 = Release|Any CPU
		{6DC19F0B-EAC4-442D-B47E-83E7CF475F57}.Debug|Any CPU.ActiveCfg = Debug|Any CPU
		{6DC19F0B-EAC4-442D-B47E-83E7CF475F57}.Debug|Any CPU.Build.0 = Debug|Any CPU
		{6DC19F0B-EAC4-442D-B47E-83E7CF475F57}.Debug|x64.ActiveCfg = Debug|Any CPU
		{6DC19F0B-EAC4-442D-B47E-83E7CF475F57}.Debug|x64.Build.0 = Debug|Any CPU
		{6DC19F0B-EAC4-442D-B47E-83E7CF475F57}.Debug|x86.ActiveCfg = Debug|Any CPU
		{6DC19F0B-EAC4-442D-B47E-83E7CF475F57}.Debug|x86.Build.0 = Debug|Any CPU
		{6DC19F0B-EAC4-442D-B47E-83E7CF475F57}.Release|Any CPU.ActiveCfg = Release|Any CPU
		{6DC19F0B-EAC4-442D-B47E-83E7CF475F57}.Release|Any CPU.Build.0 = Release|Any CPU
		{6DC19F0B-EAC4-442D-B47E-83E7CF475F57}.Release|x64.ActiveCfg = Release|Any CPU
		{6DC19F0B-EAC4-442D-B47E-83E7CF475F57}.Release|x64.Build.0 = Release|Any CPU
		{6DC19F0B-EAC4-442D-B47E-83E7CF475F57}.Release|x86.ActiveCfg = Release|Any CPU
		{6DC19F0B-EAC4-442D-B47E-83E7CF475F57}.Release|x86.Build.0 = Release|Any CPU
		{855059FE-9461-498E-8B3D-9D6CF858AB01}.Debug|Any CPU.ActiveCfg = Debug|Any CPU
		{855059FE-9461-498E-8B3D-9D6CF858AB01}.Debug|Any CPU.Build.0 = Debug|Any CPU
		{855059FE-9461-498E-8B3D-9D6CF858AB01}.Debug|x64.ActiveCfg = Debug|Any CPU
		{855059FE-9461-498E-8B3D-9D6CF858AB01}.Debug|x64.Build.0 = Debug|Any CPU
		{855059FE-9461-498E-8B3D-9D6CF858AB01}.Debug|x86.ActiveCfg = Debug|Any CPU
		{855059FE-9461-498E-8B3D-9D6CF858AB01}.Debug|x86.Build.0 = Debug|Any CPU
		{855059FE-9461-498E-8B3D-9D6CF858AB01}.Release|Any CPU.ActiveCfg = Release|Any CPU
		{855059FE-9461-498E-8B3D-9D6CF858AB01}.Release|Any CPU.Build.0 = Release|Any CPU
		{855059FE-9461-498E-8B3D-9D6CF858AB01}.Release|x64.ActiveCfg = Release|Any CPU
		{855059FE-9461-498E-8B3D-9D6CF858AB01}.Release|x64.Build.0 = Release|Any CPU
		{855059FE-9461-498E-8B3D-9D6CF858AB01}.Release|x86.ActiveCfg = Release|Any CPU
		{855059FE-9461-498E-8B3D-9D6CF858AB01}.Release|x86.Build.0 = Release|Any CPU
		{601FBA45-DE2D-4EA8-B3E9-71D234C6B01A}.Debug|Any CPU.ActiveCfg = Debug|Any CPU
		{601FBA45-DE2D-4EA8-B3E9-71D234C6B01A}.Debug|Any CPU.Build.0 = Debug|Any CPU
		{601FBA45-DE2D-4EA8-B3E9-71D234C6B01A}.Debug|x64.ActiveCfg = Debug|Any CPU
		{601FBA45-DE2D-4EA8-B3E9-71D234C6B01A}.Debug|x64.Build.0 = Debug|Any CPU
		{601FBA45-DE2D-4EA8-B3E9-71D234C6B01A}.Debug|x86.ActiveCfg = Debug|Any CPU
		{601FBA45-DE2D-4EA8-B3E9-71D234C6B01A}.Debug|x86.Build.0 = Debug|Any CPU
		{601FBA45-DE2D-4EA8-B3E9-71D234C6B01A}.Release|Any CPU.ActiveCfg = Release|Any CPU
		{601FBA45-DE2D-4EA8-B3E9-71D234C6B01A}.Release|Any CPU.Build.0 = Release|Any CPU
		{601FBA45-DE2D-4EA8-B3E9-71D234C6B01A}.Release|x64.ActiveCfg = Release|Any CPU
		{601FBA45-DE2D-4EA8-B3E9-71D234C6B01A}.Release|x64.Build.0 = Release|Any CPU
		{601FBA45-DE2D-4EA8-B3E9-71D234C6B01A}.Release|x86.ActiveCfg = Release|Any CPU
		{601FBA45-DE2D-4EA8-B3E9-71D234C6B01A}.Release|x86.Build.0 = Release|Any CPU
	EndGlobalSection
	GlobalSection(SolutionProperties) = preSolution
		HideSolutionNode = FALSE
	EndGlobalSection
	GlobalSection(NestedProjects) = preSolution
		{903B6E4B-0AEA-4EA2-AF37-C208E48CD562} = {827E0CD3-B72D-47B6-A68D-7590B98EB39B}
		{98FFA9D4-D252-42E9-92BC-0D6B26841F9C} = {827E0CD3-B72D-47B6-A68D-7590B98EB39B}
		{844FE8BE-4E94-4B03-8498-091C21840C97} = {827E0CD3-B72D-47B6-A68D-7590B98EB39B}
		{6DC19F0B-EAC4-442D-B47E-83E7CF475F57} = {827E0CD3-B72D-47B6-A68D-7590B98EB39B}
		{C8E42992-5E42-0C2B-DBFE-AA848D06431C} = {827E0CD3-B72D-47B6-A68D-7590B98EB39B}
		{855059FE-9461-498E-8B3D-9D6CF858AB01} = {C8E42992-5E42-0C2B-DBFE-AA848D06431C}
		{601FBA45-DE2D-4EA8-B3E9-71D234C6B01A} = {0AB3BF05-4346-4AA6-1389-037BE0695223}
	EndGlobalSection
EndGlobal
